// !$*UTF8*$!
{
	archiveVersion = 1;
	classes = {
	};
	objectVersion = 48;
	objects = {

/* Begin PBXBuildFile section */
		C82412EC204B2F47003DBB81 /* AppDelegate.swift in Sources */ = {isa = PBXBuildFile; fileRef = C82412EB204B2F47003DBB81 /* AppDelegate.swift */; };
		C82412EE204B2F47003DBB81 /* ViewController.swift in Sources */ = {isa = PBXBuildFile; fileRef = C82412ED204B2F47003DBB81 /* ViewController.swift */; };
		C82412F1204B2F47003DBB81 /* Main.storyboard in Resources */ = {isa = PBXBuildFile; fileRef = C82412EF204B2F47003DBB81 /* Main.storyboard */; };
		C82412F3204B2F47003DBB81 /* Assets.xcassets in Resources */ = {isa = PBXBuildFile; fileRef = C82412F2204B2F47003DBB81 /* Assets.xcassets */; };
		C82412F6204B2F47003DBB81 /* LaunchScreen.storyboard in Resources */ = {isa = PBXBuildFile; fileRef = C82412F4204B2F47003DBB81 /* LaunchScreen.storyboard */; };
		C8ABF292204B771200658BA7 /* Event.swift in Sources */ = {isa = PBXBuildFile; fileRef = C8ABF291204B771200658BA7 /* Event.swift */; };
/* End PBXBuildFile section */

/* Begin PBXFileReference section */
		C82412E8204B2F47003DBB81 /* prism.app */ = {isa = PBXFileReference; explicitFileType = wrapper.application; includeInIndex = 0; path = prism.app; sourceTree = BUILT_PRODUCTS_DIR; };
		C82412EB204B2F47003DBB81 /* AppDelegate.swift */ = {isa = PBXFileReference; lastKnownFileType = sourcecode.swift; path = AppDelegate.swift; sourceTree = "<group>"; };
		C82412ED204B2F47003DBB81 /* ViewController.swift */ = {isa = PBXFileReference; lastKnownFileType = sourcecode.swift; path = ViewController.swift; sourceTree = "<group>"; };
		C82412F0204B2F47003DBB81 /* Base */ = {isa = PBXFileReference; lastKnownFileType = file.storyboard; name = Base; path = Base.lproj/Main.storyboard; sourceTree = "<group>"; };
		C82412F2204B2F47003DBB81 /* Assets.xcassets */ = {isa = PBXFileReference; lastKnownFileType = folder.assetcatalog; path = Assets.xcassets; sourceTree = "<group>"; };
		C82412F5204B2F47003DBB81 /* Base */ = {isa = PBXFileReference; lastKnownFileType = file.storyboard; name = Base; path = Base.lproj/LaunchScreen.storyboard; sourceTree = "<group>"; };
		C82412F7204B2F47003DBB81 /* Info.plist */ = {isa = PBXFileReference; lastKnownFileType = text.plist.xml; path = Info.plist; sourceTree = "<group>"; };
		C8ABF291204B771200658BA7 /* Event.swift */ = {isa = PBXFileReference; lastKnownFileType = sourcecode.swift; path = Event.swift; sourceTree = "<group>"; };
/* End PBXFileReference section */

/* Begin PBXFrameworksBuildPhase section */
		C82412E5204B2F46003DBB81 /* Frameworks */ = {
			isa = PBXFrameworksBuildPhase;
			buildActionMask = 2147483647;
			files = (
			);
			runOnlyForDeploymentPostprocessing = 0;
		};
/* End PBXFrameworksBuildPhase section */

/* Begin PBXGroup section */
		C82412DF204B2F46003DBB81 = {
			isa = PBXGroup;
			children = (
				C82412EA204B2F47003DBB81 /* prism */,
				C82412E9204B2F47003DBB81 /* Products */,
			);
			sourceTree = "<group>";
		};
		C82412E9204B2F47003DBB81 /* Products */ = {
			isa = PBXGroup;
			children = (
				C82412E8204B2F47003DBB81 /* prism.app */,
			);
			name = Products;
			sourceTree = "<group>";
		};
		C82412EA204B2F47003DBB81 /* prism */ = {
			isa = PBXGroup;
			children = (
				C8ABF290204B76B900658BA7 /* Controllers */,
				C8ABF28F204B76A300658BA7 /* Models */,
				C82412EB204B2F47003DBB81 /* AppDelegate.swift */,
				C82412EF204B2F47003DBB81 /* Main.storyboard */,
				C82412F2204B2F47003DBB81 /* Assets.xcassets */,
				C82412F4204B2F47003DBB81 /* LaunchScreen.storyboard */,
				C82412F7204B2F47003DBB81 /* Info.plist */,
			);
			path = prism;
			sourceTree = "<group>";
		};
		C8ABF28F204B76A300658BA7 /* Models */ = {
			isa = PBXGroup;
			children = (
				C8ABF291204B771200658BA7 /* Event.swift */,
			);
			path = Models;
			sourceTree = "<group>";
		};
		C8ABF290204B76B900658BA7 /* Controllers */ = {
			isa = PBXGroup;
			children = (
				C82412ED204B2F47003DBB81 /* ViewController.swift */,
			);
			path = Controllers;
			sourceTree = "<group>";
		};
/* End PBXGroup section */

/* Begin PBXNativeTarget section */
		C82412E7204B2F46003DBB81 /* prism */ = {
			isa = PBXNativeTarget;
			buildConfigurationList = C82412FA204B2F47003DBB81 /* Build configuration list for PBXNativeTarget "prism" */;
			buildPhases = (
				C82412E4204B2F46003DBB81 /* Sources */,
				C82412E5204B2F46003DBB81 /* Frameworks */,
				C82412E6204B2F46003DBB81 /* Resources */,
			);
			buildRules = (
			);
			dependencies = (
			);
			name = prism;
			productName = prism;
			productReference = C82412E8204B2F47003DBB81 /* prism.app */;
			productType = "com.apple.product-type.application";
		};
/* End PBXNativeTarget section */

/* Begin PBXProject section */
		C82412E0204B2F46003DBB81 /* Project object */ = {
			isa = PBXProject;
			attributes = {
				LastSwiftUpdateCheck = 0920;
				LastUpgradeCheck = 0920;
				ORGANIZATIONNAME = "Jonathan Huang";
				TargetAttributes = {
					C82412E7204B2F46003DBB81 = {
						CreatedOnToolsVersion = 9.2;
						ProvisioningStyle = Automatic;
					};
				};
			};
			buildConfigurationList = C82412E3204B2F46003DBB81 /* Build configuration list for PBXProject "prism" */;
			compatibilityVersion = "Xcode 8.0";
			developmentRegion = en;
			hasScannedForEncodings = 0;
			knownRegions = (
				en,
				Base,
			);
			mainGroup = C82412DF204B2F46003DBB81;
			productRefGroup = C82412E9204B2F47003DBB81 /* Products */;
			projectDirPath = "";
			projectRoot = "";
			targets = (
				C82412E7204B2F46003DBB81 /* prism */,
			);
		};
/* End PBXProject section */

/* Begin PBXResourcesBuildPhase section */
		C82412E6204B2F46003DBB81 /* Resources */ = {
			isa = PBXResourcesBuildPhase;
			buildActionMask = 2147483647;
			files = (
				C82412F6204B2F47003DBB81 /* LaunchScreen.storyboard in Resources */,
				C82412F3204B2F47003DBB81 /* Assets.xcassets in Resources */,
				C82412F1204B2F47003DBB81 /* Main.storyboard in Resources */,
			);
			runOnlyForDeploymentPostprocessing = 0;
		};
/* End PBXResourcesBuildPhase section */

/* Begin PBXSourcesBuildPhase section */
		C82412E4204B2F46003DBB81 /* Sources */ = {
			isa = PBXSourcesBuildPhase;
			buildActionMask = 2147483647;
			files = (
				C82412EE204B2F47003DBB81 /* ViewController.swift in Sources */,
				C8ABF292204B771200658BA7 /* Event.swift in Sources */,
				C82412EC204B2F47003DBB81 /* AppDelegate.swift in Sources */,
			);
			runOnlyForDeploymentPostprocessing = 0;
		};
/* End PBXSourcesBuildPhase section */

/* Begin PBXVariantGroup section */
		C82412EF204B2F47003DBB81 /* Main.storyboard */ = {
			isa = PBXVariantGroup;
			children = (
				C82412F0204B2F47003DBB81 /* Base */,
			);
			name = Main.storyboard;
			sourceTree = "<group>";
		};
		C82412F4204B2F47003DBB81 /* LaunchScreen.storyboard */ = {
			isa = PBXVariantGroup;
			children = (
				C82412F5204B2F47003DBB81 /* Base */,
			);
			name = LaunchScreen.storyboard;
			sourceTree = "<group>";
		};
/* End PBXVariantGroup section */

/* Begin XCBuildConfiguration section */
		C82412F8204B2F47003DBB81 /* Debug */ = {
			isa = XCBuildConfiguration;
			buildSettings = {
				ALWAYS_SEARCH_USER_PATHS = NO;
				CLANG_ANALYZER_NONNULL = YES;
				CLANG_ANALYZER_NUMBER_OBJECT_CONVERSION = YES_AGGRESSIVE;
				CLANG_CXX_LANGUAGE_STANDARD = "gnu++14";
				CLANG_CXX_LIBRARY = "libc++";
				CLANG_ENABLE_MODULES = YES;
				CLANG_ENABLE_OBJC_ARC = YES;
				CLANG_WARN_BLOCK_CAPTURE_AUTORELEASING = YES;
				CLANG_WARN_BOOL_CONVERSION = YES;
				CLANG_WARN_COMMA = YES;
				CLANG_WARN_CONSTANT_CONVERSION = YES;
				CLANG_WARN_DIRECT_OBJC_ISA_USAGE = YES_ERROR;
				CLANG_WARN_DOCUMENTATION_COMMENTS = YES;
				CLANG_WARN_EMPTY_BODY = YES;
				CLANG_WARN_ENUM_CONVERSION = YES;
				CLANG_WARN_INFINITE_RECURSION = YES;
				CLANG_WARN_INT_CONVERSION = YES;
				CLANG_WARN_NON_LITERAL_NULL_CONVERSION = YES;
				CLANG_WARN_OBJC_LITERAL_CONVERSION = YES;
				CLANG_WARN_OBJC_ROOT_CLASS = YES_ERROR;
				CLANG_WARN_RANGE_LOOP_ANALYSIS = YES;
				CLANG_WARN_STRICT_PROTOTYPES = YES;
				CLANG_WARN_SUSPICIOUS_MOVE = YES;
				CLANG_WARN_UNGUARDED_AVAILABILITY = YES_AGGRESSIVE;
				CLANG_WARN_UNREACHABLE_CODE = YES;
				CLANG_WARN__DUPLICATE_METHOD_MATCH = YES;
				CODE_SIGN_IDENTITY = "iPhone Developer";
				COPY_PHASE_STRIP = NO;
				DEBUG_INFORMATION_FORMAT = dwarf;
				ENABLE_STRICT_OBJC_MSGSEND = YES;
				ENABLE_TESTABILITY = YES;
				GCC_C_LANGUAGE_STANDARD = gnu11;
				GCC_DYNAMIC_NO_PIC = NO;
				GCC_NO_COMMON_BLOCKS = YES;
				GCC_OPTIMIZATION_LEVEL = 0;
				GCC_PREPROCESSOR_DEFINITIONS = (
					"DEBUG=1",
					"$(inherited)",
				);
				GCC_WARN_64_TO_32_BIT_CONVERSION = YES;
				GCC_WARN_ABOUT_RETURN_TYPE = YES_ERROR;
				GCC_WARN_UNDECLARED_SELECTOR = YES;
				GCC_WARN_UNINITIALIZED_AUTOS = YES_AGGRESSIVE;
				GCC_WARN_UNUSED_FUNCTION = YES;
				GCC_WARN_UNUSED_VARIABLE = YES;
				IPHONEOS_DEPLOYMENT_TARGET = 11.2;
				MTL_ENABLE_DEBUG_INFO = YES;
				ONLY_ACTIVE_ARCH = YES;
				SDKROOT = iphoneos;
				SWIFT_ACTIVE_COMPILATION_CONDITIONS = DEBUG;
				SWIFT_OPTIMIZATION_LEVEL = "-Onone";
			};
			name = Debug;
		};
		C82412F9204B2F47003DBB81 /* Release */ = {
			isa = XCBuildConfiguration;
			buildSettings = {
				ALWAYS_SEARCH_USER_PATHS = NO;
				CLANG_ANALYZER_NONNULL = YES;
				CLANG_ANALYZER_NUMBER_OBJECT_CONVERSION = YES_AGGRESSIVE;
				CLANG_CXX_LANGUAGE_STANDARD = "gnu++14";
				CLANG_CXX_LIBRARY = "libc++";
				CLANG_ENABLE_MODULES = YES;
				CLANG_ENABLE_OBJC_ARC = YES;
				CLANG_WARN_BLOCK_CAPTURE_AUTORELEASING = YES;
				CLANG_WARN_BOOL_CONVERSION = YES;
				CLANG_WARN_COMMA = YES;
				CLANG_WARN_CONSTANT_CONVERSION = YES;
				CLANG_WARN_DIRECT_OBJC_ISA_USAGE = YES_ERROR;
				CLANG_WARN_DOCUMENTATION_COMMENTS = YES;
				CLANG_WARN_EMPTY_BODY = YES;
				CLANG_WARN_ENUM_CONVERSION = YES;
				CLANG_WARN_INFINITE_RECURSION = YES;
				CLANG_WARN_INT_CONVERSION = YES;
				CLANG_WARN_NON_LITERAL_NULL_CONVERSION = YES;
				CLANG_WARN_OBJC_LITERAL_CONVERSION = YES;
				CLANG_WARN_OBJC_ROOT_CLASS = YES_ERROR;
				CLANG_WARN_RANGE_LOOP_ANALYSIS = YES;
				CLANG_WARN_STRICT_PROTOTYPES = YES;
				CLANG_WARN_SUSPICIOUS_MOVE = YES;
				CLANG_WARN_UNGUARDED_AVAILABILITY = YES_AGGRESSIVE;
				CLANG_WARN_UNREACHABLE_CODE = YES;
				CLANG_WARN__DUPLICATE_METHOD_MATCH = YES;
				CODE_SIGN_IDENTITY = "iPhone Developer";
				COPY_PHASE_STRIP = NO;
				DEBUG_INFORMATION_FORMAT = "dwarf-with-dsym";
				ENABLE_NS_ASSERTIONS = NO;
				ENABLE_STRICT_OBJC_MSGSEND = YES;
				GCC_C_LANGUAGE_STANDARD = gnu11;
				GCC_NO_COMMON_BLOCKS = YES;
				GCC_WARN_64_TO_32_BIT_CONVERSION = YES;
				GCC_WARN_ABOUT_RETURN_TYPE = YES_ERROR;
				GCC_WARN_UNDECLARED_SELECTOR = YES;
				GCC_WARN_UNINITIALIZED_AUTOS = YES_AGGRESSIVE;
				GCC_WARN_UNUSED_FUNCTION = YES;
				GCC_WARN_UNUSED_VARIABLE = YES;
				IPHONEOS_DEPLOYMENT_TARGET = 11.2;
				MTL_ENABLE_DEBUG_INFO = NO;
				SDKROOT = iphoneos;
				SWIFT_OPTIMIZATION_LEVEL = "-Owholemodule";
				VALIDATE_PRODUCT = YES;
			};
			name = Release;
		};
		C82412FB204B2F47003DBB81 /* Debug */ = {
			isa = XCBuildConfiguration;
			buildSettings = {
				ASSETCATALOG_COMPILER_APPICON_NAME = AppIcon;
				CODE_SIGN_STYLE = Automatic;
				DEVELOPMENT_TEAM = 7LW4F6P2F3;
				INFOPLIST_FILE = prism/Info.plist;
				LD_RUNPATH_SEARCH_PATHS = "$(inherited) @executable_path/Frameworks";
				PRODUCT_BUNDLE_IDENTIFIER = jonathanhuang.prism;
				PRODUCT_NAME = "$(TARGET_NAME)";
				SWIFT_VERSION = 4.0;
				TARGETED_DEVICE_FAMILY = "1,2";
			};
			name = Debug;
		};
		C82412FC204B2F47003DBB81 /* Release */ = {
			isa = XCBuildConfiguration;
			buildSettings = {
				ASSETCATALOG_COMPILER_APPICON_NAME = AppIcon;
				CODE_SIGN_STYLE = Automatic;
				DEVELOPMENT_TEAM = 7LW4F6P2F3;
				INFOPLIST_FILE = prism/Info.plist;
				LD_RUNPATH_SEARCH_PATHS = "$(inherited) @executable_path/Frameworks";
				PRODUCT_BUNDLE_IDENTIFIER = jonathanhuang.prism;
				PRODUCT_NAME = "$(TARGET_NAME)";
				SWIFT_VERSION = 4.0;
				TARGETED_DEVICE_FAMILY = "1,2";
			};
			name = Release;
		};
/* End XCBuildConfiguration section */

/* Begin XCConfigurationList section */
		C82412E3204B2F46003DBB81 /* Build configuration list for PBXProject "prism" */ = {
			isa = XCConfigurationList;
			buildConfigurations = (
				C82412F8204B2F47003DBB81 /* Debug */,
				C82412F9204B2F47003DBB81 /* Release */,
			);
			defaultConfigurationIsVisible = 0;
			defaultConfigurationName = Release;
		};
		C82412FA204B2F47003DBB81 /* Build configuration list for PBXNativeTarget "prism" */ = {
			isa = XCConfigurationList;
			buildConfigurations = (
				C82412FB204B2F47003DBB81 /* Debug */,
				C82412FC204B2F47003DBB81 /* Release */,
			);
			defaultConfigurationIsVisible = 0;
			defaultConfigurationName = Release;
		};
/* End XCConfigurationList section */
	};
	rootObject = C82412E0204B2F46003DBB81 /* Project object */;
}
